
Microsoft Visual Studio Solution File, Format Version 12.00
# Visual Studio 15
VisualStudioVersion = 15.0.28307.852
MinimumVisualStudioVersion = 10.0.40219.1
Project("{FAE04EC0-301F-11D3-BF4B-00C04F79EFBC}") = "Polymorphism_Problem2", "Polymorphism_Problem2\Polymorphism_Problem2.csproj", "{A37759AB-9D11-48CC-B29A-0E44F9579979}"
EndProject
Global
	GlobalSection(SolutionConfigurationPlatforms) = preSolution
		Debug|Any CPU = Debug|Any CPU
		Release|Any CPU = Release|Any CPU
	EndGlobalSection
	GlobalSection(ProjectConfigurationPlatforms) = postSolution
		{A37759AB-9D11-48CC-B29A-0E44F9579979}.Debug|Any CPU.ActiveCfg = Debug|Any CPU
		{A37759AB-9D11-48CC-B29A-0E44F9579979}.Debug|Any CPU.Build.0 = Debug|Any CPU
		{A37759AB-9D11-48CC-B29A-0E44F9579979}.Release|Any CPU.ActiveCfg = Release|Any CPU
		{A37759AB-9D11-48CC-B29A-0E44F9579979}.Release|Any CPU.Build.0 = Release|Any CPU
	EndGlobalSection
	GlobalSection(SolutionProperties) = preSolution
		HideSolutionNode = FALSE
	EndGlobalSection
	GlobalSection(ExtensibilityGlobals) = postSolution
		SolutionGuid = {3357376F-DF16-4D4A-8836-CF13F6E5FA08}
	EndGlobalSection
EndGlobal
